# Generated by pub
# See http://pub.dartlang.org/doc/glossary.html#lockfile
packages:
  intl:
    description:
      name: intl
      url: "https://pub.dartlang.org"
    source: hosted
    version: "0.15.2"
  json_god:
    description:
      name: json_god
      url: "https://pub.dartlang.org"
    source: hosted
    version: "2.0.0-beta+1"
  logging:
    description:
      name: logging
      url: "https://pub.dartlang.org"
    source: hosted
    version: "0.11.3+1"
  path:
    description:
      name: path
      url: "https://pub.dartlang.org"
    source: hosted
    version: "1.5.1"
sdks:
  dart: ">=1.24.0 <2.0.0"
